
Microsoft Visual Studio Solution File, Format Version 12.00
# Visual Studio Version 17
VisualStudioVersion = 17.14.36203.30 d17.14
MinimumVisualStudioVersion = 10.0.40219.1
Project("{FAE04EC0-301F-11D3-BF4B-00C04F79EFBC}") = "KyrsAPI", "KyrsAPI\KyrsAPI.csproj", "{9C64A41C-2AB6-4BDC-858E-5F26E9FC7CB6}"
EndProject
Project("{FAE04EC0-301F-11D3-BF4B-00C04F79EFBC}") = "KyrsClient", "KyrsClient\KyrsClient\KyrsClient.csproj", "{B18ECCD7-8133-4479-A38A-349219E4BDD6}"
EndProject
Global
	GlobalSection(SolutionConfigurationPlatforms) = preSolution
		Debug|Any CPU = Debug|Any CPU
		Release|Any CPU = Release|Any CPU
	EndGlobalSection
	GlobalSection(ProjectConfigurationPlatforms) = postSolution
		{9C64A41C-2AB6-4BDC-858E-5F26E9FC7CB6}.Debug|Any CPU.ActiveCfg = Debug|Any CPU
		{9C64A41C-2AB6-4BDC-858E-5F26E9FC7CB6}.Debug|Any CPU.Build.0 = Debug|Any CPU
		{9C64A41C-2AB6-4BDC-858E-5F26E9FC7CB6}.Release|Any CPU.ActiveCfg = Release|Any CPU
		{9C64A41C-2AB6-4BDC-858E-5F26E9FC7CB6}.Release|Any CPU.Build.0 = Release|Any CPU
		{B18ECCD7-8133-4479-A38A-349219E4BDD6}.Debug|Any CPU.ActiveCfg = Debug|Any CPU
		{B18ECCD7-8133-4479-A38A-349219E4BDD6}.Debug|Any CPU.Build.0 = Debug|Any CPU
		{B18ECCD7-8133-4479-A38A-349219E4BDD6}.Release|Any CPU.ActiveCfg = Release|Any CPU
		{B18ECCD7-8133-4479-A38A-349219E4BDD6}.Release|Any CPU.Build.0 = Release|Any CPU
	EndGlobalSection
	GlobalSection(SolutionProperties) = preSolution
		HideSolutionNode = FALSE
	EndGlobalSection
	GlobalSection(ExtensibilityGlobals) = postSolution
		SolutionGuid = {1728CBB4-5A74-4AEE-B0E1-C7E756F220C9}
	EndGlobalSection
EndGlobal
